// !$*UTF8*$!
{
	archiveVersion = 1;
	classes = {
	};
	objectVersion = 46;
	objects = {

/* Begin PBXBuildFile section */
		9494F74D1754A431009E409D /* UIKit.framework in Frameworks */ = {isa = PBXBuildFile; fileRef = 9494F74C1754A431009E409D /* UIKit.framework */; };
		9494F74F1754A431009E409D /* Foundation.framework in Frameworks */ = {isa = PBXBuildFile; fileRef = 9494F74E1754A431009E409D /* Foundation.framework */; };
		9494F7511754A431009E409D /* CoreGraphics.framework in Frameworks */ = {isa = PBXBuildFile; fileRef = 9494F7501754A431009E409D /* CoreGraphics.framework */; };
		9494F7571754A431009E409D /* InfoPlist.strings in Resources */ = {isa = PBXBuildFile; fileRef = 9494F7551754A431009E409D /* InfoPlist.strings */; };
		9494F7591754A431009E409D /* main.m in Sources */ = {isa = PBXBuildFile; fileRef = 9494F7581754A431009E409D /* main.m */; };
		9494F75D1754A431009E409D /* AppDelegate.m in Sources */ = {isa = PBXBuildFile; fileRef = 9494F75C1754A431009E409D /* AppDelegate.m */; };
		9494F75F1754A431009E409D /* Default.png in Resources */ = {isa = PBXBuildFile; fileRef = 9494F75E1754A431009E409D /* Default.png */; };
		9494F7611754A431009E409D /* Default@2x.png in Resources */ = {isa = PBXBuildFile; fileRef = 9494F7601754A431009E409D /* Default@2x.png */; };
		9494F7631754A431009E409D /* Default-568h@2x.png in Resources */ = {isa = PBXBuildFile; fileRef = 9494F7621754A431009E409D /* Default-568h@2x.png */; };
		9494F7661754A431009E409D /* MainStoryboard_iPhone.storyboard in Resources */ = {isa = PBXBuildFile; fileRef = 9494F7641754A431009E409D /* MainStoryboard_iPhone.storyboard */; };
		9494F7691754A431009E409D /* MainStoryboard_iPad.storyboard in Resources */ = {isa = PBXBuildFile; fileRef = 9494F7671754A431009E409D /* MainStoryboard_iPad.storyboard */; };
		9494F76C1754A431009E409D /* ViewController.m in Sources */ = {isa = PBXBuildFile; fileRef = 9494F76B1754A431009E409D /* ViewController.m */; };
		9494F7741754A432009E409D /* SenTestingKit.framework in Frameworks */ = {isa = PBXBuildFile; fileRef = 9494F7731754A432009E409D /* SenTestingKit.framework */; };
		9494F7751754A432009E409D /* UIKit.framework in Frameworks */ = {isa = PBXBuildFile; fileRef = 9494F74C1754A431009E409D /* UIKit.framework */; };
		9494F7761754A432009E409D /* Foundation.framework in Frameworks */ = {isa = PBXBuildFile; fileRef = 9494F74E1754A431009E409D /* Foundation.framework */; };
		9494F77E1754A432009E409D /* InfoPlist.strings in Resources */ = {isa = PBXBuildFile; fileRef = 9494F77C1754A432009E409D /* InfoPlist.strings */; };
		9494F7811754A432009E409D /* testerTests.m in Sources */ = {isa = PBXBuildFile; fileRef = 9494F7801754A432009E409D /* testerTests.m */; };
/* End PBXBuildFile section */

/* Begin PBXContainerItemProxy section */
		9494F7771754A432009E409D /* PBXContainerItemProxy */ = {
			isa = PBXContainerItemProxy;
			containerPortal = 9494F7411754A431009E409D /* Project object */;
			proxyType = 1;
			remoteGlobalIDString = 9494F7481754A431009E409D;
			remoteInfo = tester;
		};
/* End PBXContainerItemProxy section */

/* Begin PBXFileReference section */
		9494F7491754A431009E409D /* tester.app */ = {isa = PBXFileReference; explicitFileType = wrapper.application; includeInIndex = 0; path = tester.app; sourceTree = BUILT_PRODUCTS_DIR; };
		9494F74C1754A431009E409D /* UIKit.framework */ = {isa = PBXFileReference; lastKnownFileType = wrapper.framework; name = UIKit.framework; path = System/Library/Frameworks/UIKit.framework; sourceTree = SDKROOT; };
		9494F74E1754A431009E409D /* Foundation.framework */ = {isa = PBXFileReference; lastKnownFileType = wrapper.framework; name = Foundation.framework; path = System/Library/Frameworks/Foundation.framework; sourceTree = SDKROOT; };
		9494F7501754A431009E409D /* CoreGraphics.framework */ = {isa = PBXFileReference; lastKnownFileType = wrapper.framework; name = CoreGraphics.framework; path = System/Library/Frameworks/CoreGraphics.framework; sourceTree = SDKROOT; };
		9494F7541754A431009E409D /* tester-Info.plist */ = {isa = PBXFileReference; lastKnownFileType = text.plist.xml; path = "tester-Info.plist"; sourceTree = "<group>"; };
		9494F7561754A431009E409D /* en */ = {isa = PBXFileReference; lastKnownFileType = text.plist.strings; name = en; path = en.lproj/InfoPlist.strings; sourceTree = "<group>"; };
		9494F7581754A431009E409D /* main.m */ = {isa = PBXFileReference; lastKnownFileType = sourcecode.c.objc; path = main.m; sourceTree = "<group>"; };
		9494F75A1754A431009E409D /* tester-Prefix.pch */ = {isa = PBXFileReference; lastKnownFileType = sourcecode.c.h; path = "tester-Prefix.pch"; sourceTree = "<group>"; };
		9494F75B1754A431009E409D /* AppDelegate.h */ = {isa = PBXFileReference; lastKnownFileType = sourcecode.c.h; path = AppDelegate.h; sourceTree = "<group>"; };
		9494F75C1754A431009E409D /* AppDelegate.m */ = {isa = PBXFileReference; lastKnownFileType = sourcecode.c.objc; path = AppDelegate.m; sourceTree = "<group>"; };
		9494F75E1754A431009E409D /* Default.png */ = {isa = PBXFileReference; lastKnownFileType = image.png; path = Default.png; sourceTree = "<group>"; };
		9494F7601754A431009E409D /* Default@2x.png */ = {isa = PBXFileReference; lastKnownFileType = image.png; path = "Default@2x.png"; sourceTree = "<group>"; };
		9494F7621754A431009E409D /* Default-568h@2x.png */ = {isa = PBXFileReference; lastKnownFileType = image.png; path = "Default-568h@2x.png"; sourceTree = "<group>"; };
		9494F7651754A431009E409D /* en */ = {isa = PBXFileReference; lastKnownFileType = file.storyboard; name = en; path = en.lproj/MainStoryboard_iPhone.storyboard; sourceTree = "<group>"; };
		9494F7681754A431009E409D /* en */ = {isa = PBXFileReference; lastKnownFileType = file.storyboard; name = en; path = en.lproj/MainStoryboard_iPad.storyboard; sourceTree = "<group>"; };
		9494F76A1754A431009E409D /* ViewController.h */ = {isa = PBXFileReference; lastKnownFileType = sourcecode.c.h; path = ViewController.h; sourceTree = "<group>"; };
		9494F76B1754A431009E409D /* ViewController.m */ = {isa = PBXFileReference; lastKnownFileType = sourcecode.c.objc; path = ViewController.m; sourceTree = "<group>"; };
		9494F7721754A432009E409D /* testerTests.octest */ = {isa = PBXFileReference; explicitFileType = wrapper.cfbundle; includeInIndex = 0; path = testerTests.octest; sourceTree = BUILT_PRODUCTS_DIR; };
		9494F7731754A432009E409D /* SenTestingKit.framework */ = {isa = PBXFileReference; lastKnownFileType = wrapper.framework; name = SenTestingKit.framework; path = Library/Frameworks/SenTestingKit.framework; sourceTree = DEVELOPER_DIR; };
		9494F77B1754A432009E409D /* testerTests-Info.plist */ = {isa = PBXFileReference; lastKnownFileType = text.plist.xml; path = "testerTests-Info.plist"; sourceTree = "<group>"; };
		9494F77D1754A432009E409D /* en */ = {isa = PBXFileReference; lastKnownFileType = text.plist.strings; name = en; path = en.lproj/InfoPlist.strings; sourceTree = "<group>"; };
		9494F77F1754A432009E409D /* testerTests.h */ = {isa = PBXFileReference; lastKnownFileType = sourcecode.c.h; path = testerTests.h; sourceTree = "<group>"; };
		9494F7801754A432009E409D /* testerTests.m */ = {isa = PBXFileReference; lastKnownFileType = sourcecode.c.objc; path = testerTests.m; sourceTree = "<group>"; };
/* End PBXFileReference section */

/* Begin PBXFrameworksBuildPhase section */
		9494F7461754A431009E409D /* Frameworks */ = {
			isa = PBXFrameworksBuildPhase;
			buildActionMask = 2147483647;
			files = (
				9494F74D1754A431009E409D /* UIKit.framework in Frameworks */,
				9494F74F1754A431009E409D /* Foundation.framework in Frameworks */,
				9494F7511754A431009E409D /* CoreGraphics.framework in Frameworks */,
			);
			runOnlyForDeploymentPostprocessing = 0;
		};
		9494F76E1754A432009E409D /* Frameworks */ = {
			isa = PBXFrameworksBuildPhase;
			buildActionMask = 2147483647;
			files = (
				9494F7741754A432009E409D /* SenTestingKit.framework in Frameworks */,
				9494F7751754A432009E409D /* UIKit.framework in Frameworks */,
				9494F7761754A432009E409D /* Foundation.framework in Frameworks */,
			);
			runOnlyForDeploymentPostprocessing = 0;
		};
/* End PBXFrameworksBuildPhase section */

/* Begin PBXGroup section */
		9494F7401754A431009E409D = {
			isa = PBXGroup;
			children = (
				9494F7521754A431009E409D /* tester */,
				9494F7791754A432009E409D /* testerTests */,
				9494F74B1754A431009E409D /* Frameworks */,
				9494F74A1754A431009E409D /* Products */,
			);
			sourceTree = "<group>";
		};
		9494F74A1754A431009E409D /* Products */ = {
			isa = PBXGroup;
			children = (
				9494F7491754A431009E409D /* tester.app */,
				9494F7721754A432009E409D /* testerTests.octest */,
			);
			name = Products;
			sourceTree = "<group>";
		};
		9494F74B1754A431009E409D /* Frameworks */ = {
			isa = PBXGroup;
			children = (
				9494F74C1754A431009E409D /* UIKit.framework */,
				9494F74E1754A431009E409D /* Foundation.framework */,
				9494F7501754A431009E409D /* CoreGraphics.framework */,
				9494F7731754A432009E409D /* SenTestingKit.framework */,
			);
			name = Frameworks;
			sourceTree = "<group>";
		};
		9494F7521754A431009E409D /* tester */ = {
			isa = PBXGroup;
			children = (
				9494F75B1754A431009E409D /* AppDelegate.h */,
				9494F75C1754A431009E409D /* AppDelegate.m */,
				9494F7641754A431009E409D /* MainStoryboard_iPhone.storyboard */,
				9494F7671754A431009E409D /* MainStoryboard_iPad.storyboard */,
				9494F76A1754A431009E409D /* ViewController.h */,
				9494F76B1754A431009E409D /* ViewController.m */,
				9494F7531754A431009E409D /* Supporting Files */,
			);
			path = tester;
			sourceTree = "<group>";
		};
		9494F7531754A431009E409D /* Supporting Files */ = {
			isa = PBXGroup;
			children = (
				9494F7541754A431009E409D /* tester-Info.plist */,
				9494F7551754A431009E409D /* InfoPlist.strings */,
				9494F7581754A431009E409D /* main.m */,
				9494F75A1754A431009E409D /* tester-Prefix.pch */,
				9494F75E1754A431009E409D /* Default.png */,
				9494F7601754A431009E409D /* Default@2x.png */,
				9494F7621754A431009E409D /* Default-568h@2x.png */,
			);
			name = "Supporting Files";
			sourceTree = "<group>";
		};
		9494F7791754A432009E409D /* testerTests */ = {
			isa = PBXGroup;
			children = (
				9494F77F1754A432009E409D /* testerTests.h */,
				9494F7801754A432009E409D /* testerTests.m */,
				9494F77A1754A432009E409D /* Supporting Files */,
			);
			path = testerTests;
			sourceTree = "<group>";
		};
		9494F77A1754A432009E409D /* Supporting Files */ = {
			isa = PBXGroup;
			children = (
				9494F77B1754A432009E409D /* testerTests-Info.plist */,
				9494F77C1754A432009E409D /* InfoPlist.strings */,
			);
			name = "Supporting Files";
			sourceTree = "<group>";
		};
/* End PBXGroup section */

/* Begin PBXNativeTarget section */
		9494F7481754A431009E409D /* tester */ = {
			isa = PBXNativeTarget;
			buildConfigurationList = 9494F7841754A432009E409D /* Build configuration list for PBXNativeTarget "tester" */;
			buildPhases = (
				9494F7451754A431009E409D /* Sources */,
				9494F7461754A431009E409D /* Frameworks */,
				9494F7471754A431009E409D /* Resources */,
			);
			buildRules = (
			);
			dependencies = (
			);
			name = tester;
			productName = tester;
			productReference = 9494F7491754A431009E409D /* tester.app */;
			productType = "com.apple.product-type.application";
		};
		9494F7711754A432009E409D /* testerTests */ = {
			isa = PBXNativeTarget;
			buildConfigurationList = 9494F7871754A432009E409D /* Build configuration list for PBXNativeTarget "testerTests" */;
			buildPhases = (
				9494F76D1754A432009E409D /* Sources */,
				9494F76E1754A432009E409D /* Frameworks */,
				9494F76F1754A432009E409D /* Resources */,
				9494F7701754A432009E409D /* ShellScript */,
			);
			buildRules = (
			);
			dependencies = (
				9494F7781754A432009E409D /* PBXTargetDependency */,
			);
			name = testerTests;
			productName = testerTests;
			productReference = 9494F7721754A432009E409D /* testerTests.octest */;
			productType = "com.apple.product-type.bundle";
		};
/* End PBXNativeTarget section */

/* Begin PBXProject section */
		9494F7411754A431009E409D /* Project object */ = {
			isa = PBXProject;
			attributes = {
				LastUpgradeCheck = 0460;
				ORGANIZATIONNAME = rateyourseats.com;
			};
			buildConfigurationList = 9494F7441754A431009E409D /* Build configuration list for PBXProject "tester" */;
			compatibilityVersion = "Xcode 3.2";
			developmentRegion = English;
			hasScannedForEncodings = 0;
			knownRegions = (
				en,
			);
			mainGroup = 9494F7401754A431009E409D;
			productRefGroup = 9494F74A1754A431009E409D /* Products */;
			projectDirPath = "";
			projectRoot = "";
			targets = (
				9494F7481754A431009E409D /* tester */,
				9494F7711754A432009E409D /* testerTests */,
			);
		};
/* End PBXProject section */

/* Begin PBXResourcesBuildPhase section */
		9494F7471754A431009E409D /* Resources */ = {
			isa = PBXResourcesBuildPhase;
			buildActionMask = 2147483647;
			files = (
				9494F7571754A431009E409D /* InfoPlist.strings in Resources */,
				9494F75F1754A431009E409D /* Default.png in Resources */,
				9494F7611754A431009E409D /* Default@2x.png in Resources */,
				9494F7631754A431009E409D /* Default-568h@2x.png in Resources */,
				9494F7661754A431009E409D /* MainStoryboard_iPhone.storyboard in Resources */,
				9494F7691754A431009E409D /* MainStoryboard_iPad.storyboard in Resources */,
			);
			runOnlyForDeploymentPostprocessing = 0;
		};
		9494F76F1754A432009E409D /* Resources */ = {
			isa = PBXResourcesBuildPhase;
			buildActionMask = 2147483647;
			files = (
				9494F77E1754A432009E409D /* InfoPlist.strings in Resources */,
			);
			runOnlyForDeploymentPostprocessing = 0;
		};
/* End PBXResourcesBuildPhase section */

/* Begin PBXShellScriptBuildPhase section */
		9494F7701754A432009E409D /* ShellScript */ = {
			isa = PBXShellScriptBuildPhase;
			buildActionMask = 2147483647;
			files = (
			);
			inputPaths = (
			);
			outputPaths = (
			);
			runOnlyForDeploymentPostprocessing = 0;
			shellPath = /bin/sh;
			shellScript = "# Run the unit tests in this test bundle.\n\"${SYSTEM_DEVELOPER_DIR}/Tools/RunUnitTests\"\n";
		};
/* End PBXShellScriptBuildPhase section */

/* Begin PBXSourcesBuildPhase section */
		9494F7451754A431009E409D /* Sources */ = {
			isa = PBXSourcesBuildPhase;
			buildActionMask = 2147483647;
			files = (
				9494F7591754A431009E409D /* main.m in Sources */,
				9494F75D1754A431009E409D /* AppDelegate.m in Sources */,
				9494F76C1754A431009E409D /* ViewController.m in Sources */,
			);
			runOnlyForDeploymentPostprocessing = 0;
		};
		9494F76D1754A432009E409D /* Sources */ = {
			isa = PBXSourcesBuildPhase;
			buildActionMask = 2147483647;
			files = (
				9494F7811754A432009E409D /* testerTests.m in Sources */,
			);
			runOnlyForDeploymentPostprocessing = 0;
		};
/* End PBXSourcesBuildPhase section */

/* Begin PBXTargetDependency section */
		9494F7781754A432009E409D /* PBXTargetDependency */ = {
			isa = PBXTargetDependency;
			target = 9494F7481754A431009E409D /* tester */;
			targetProxy = 9494F7771754A432009E409D /* PBXContainerItemProxy */;
		};
/* End PBXTargetDependency section */

/* Begin PBXVariantGroup section */
		9494F7551754A431009E409D /* InfoPlist.strings */ = {
			isa = PBXVariantGroup;
			children = (
				9494F7561754A431009E409D /* en */,
			);
			name = InfoPlist.strings;
			sourceTree = "<group>";
		};
		9494F7641754A431009E409D /* MainStoryboard_iPhone.storyboard */ = {
			isa = PBXVariantGroup;
			children = (
				9494F7651754A431009E409D /* en */,
			);
			name = MainStoryboard_iPhone.storyboard;
			sourceTree = "<group>";
		};
		9494F7671754A431009E409D /* MainStoryboard_iPad.storyboard */ = {
			isa = PBXVariantGroup;
			children = (
				9494F7681754A431009E409D /* en */,
			);
			name = MainStoryboard_iPad.storyboard;
			sourceTree = "<group>";
		};
		9494F77C1754A432009E409D /* InfoPlist.strings */ = {
			isa = PBXVariantGroup;
			children = (
				9494F77D1754A432009E409D /* en */,
			);
			name = InfoPlist.strings;
			sourceTree = "<group>";
		};
/* End PBXVariantGroup section */

/* Begin XCBuildConfiguration section */
		9494F7821754A432009E409D /* Debug */ = {
			isa = XCBuildConfiguration;
			buildSettings = {
				ALWAYS_SEARCH_USER_PATHS = NO;
				CLANG_CXX_LANGUAGE_STANDARD = "gnu++0x";
				CLANG_CXX_LIBRARY = "libc++";
				CLANG_ENABLE_OBJC_ARC = YES;
				CLANG_WARN_CONSTANT_CONVERSION = YES;
				CLANG_WARN_EMPTY_BODY = YES;
				CLANG_WARN_ENUM_CONVERSION = YES;
				CLANG_WARN_INT_CONVERSION = YES;
				CLANG_WARN__DUPLICATE_METHOD_MATCH = YES;
				"CODE_SIGN_IDENTITY[sdk=iphoneos*]" = "iPhone Developer";
				COPY_PHASE_STRIP = NO;
				GCC_C_LANGUAGE_STANDARD = gnu99;
				GCC_DYNAMIC_NO_PIC = NO;
				GCC_OPTIMIZATION_LEVEL = 0;
				GCC_PREPROCESSOR_DEFINITIONS = (
					"DEBUG=1",
					"$(inherited)",
				);
				GCC_SYMBOLS_PRIVATE_EXTERN = NO;
				GCC_WARN_ABOUT_RETURN_TYPE = YES;
				GCC_WARN_UNINITIALIZED_AUTOS = YES;
				GCC_WARN_UNUSED_VARIABLE = YES;
				IPHONEOS_DEPLOYMENT_TARGET = 6.1;
				ONLY_ACTIVE_ARCH = YES;
				SDKROOT = iphoneos;
				TARGETED_DEVICE_FAMILY = "1,2";
			};
			name = Debug;
		};
		9494F7831754A432009E409D /* Release */ = {
			isa = XCBuildConfiguration;
			buildSettings = {
				ALWAYS_SEARCH_USER_PATHS = NO;
				CLANG_CXX_LANGUAGE_STANDARD = "gnu++0x";
				CLANG_CXX_LIBRARY = "libc++";
				CLANG_ENABLE_OBJC_ARC = YES;
				CLANG_WARN_CONSTANT_CONVERSION = YES;
				CLANG_WARN_EMPTY_BODY = YES;
				CLANG_WARN_ENUM_CONVERSION = YES;
				CLANG_WARN_INT_CONVERSION = YES;
				CLANG_WARN__DUPLICATE_METHOD_MATCH = YES;
				"CODE_SIGN_IDENTITY[sdk=iphoneos*]" = "iPhone Developer";
				COPY_PHASE_STRIP = YES;
				GCC_C_LANGUAGE_STANDARD = gnu99;
				GCC_WARN_ABOUT_RETURN_TYPE = YES;
				GCC_WARN_UNINITIALIZED_AUTOS = YES;
				GCC_WARN_UNUSED_VARIABLE = YES;
				IPHONEOS_DEPLOYMENT_TARGET = 6.1;
				OTHER_CFLAGS = "-DNS_BLOCK_ASSERTIONS=1";
				SDKROOT = iphoneos;
				TARGETED_DEVICE_FAMILY = "1,2";
				VALIDATE_PRODUCT = YES;
			};
			name = Release;
		};
		9494F7851754A432009E409D /* Debug */ = {
			isa = XCBuildConfiguration;
			buildSettings = {
				GCC_PRECOMPILE_PREFIX_HEADER = YES;
				GCC_PREFIX_HEADER = "tester/tester-Prefix.pch";
				INFOPLIST_FILE = "tester/tester-Info.plist";
				PRODUCT_NAME = "$(TARGET_NAME)";
				WRAPPER_EXTENSION = app;
			};
			name = Debug;
		};
		9494F7861754A432009E409D /* Release */ = {
			isa = XCBuildConfiguration;
			buildSettings = {
				GCC_PRECOMPILE_PREFIX_HEADER = YES;
				GCC_PREFIX_HEADER = "tester/tester-Prefix.pch";
				INFOPLIST_FILE = "tester/tester-Info.plist";
				PRODUCT_NAME = "$(TARGET_NAME)";
				WRAPPER_EXTENSION = app;
			};
			name = Release;
		};
		9494F7881754A432009E409D /* Debug */ = {
			isa = XCBuildConfiguration;
			buildSettings = {
				BUNDLE_LOADER = "$(BUILT_PRODUCTS_DIR)/tester.app/tester";
				FRAMEWORK_SEARCH_PATHS = (
					"\"$(SDKROOT)/Developer/Library/Frameworks\"",
					"\"$(DEVELOPER_LIBRARY_DIR)/Frameworks\"",
				);
				GCC_PRECOMPILE_PREFIX_HEADER = YES;
				GCC_PREFIX_HEADER = "tester/tester-Prefix.pch";
				INFOPLIST_FILE = "testerTests/testerTests-Info.plist";
				PRODUCT_NAME = "$(TARGET_NAME)";
				TEST_HOST = "$(BUNDLE_LOADER)";
				WRAPPER_EXTENSION = octest;
			};
			name = Debug;
		};
		9494F7891754A432009E409D /* Release */ = {
			isa = XCBuildConfiguration;
			buildSettings = {
				BUNDLE_LOADER = "$(BUILT_PRODUCTS_DIR)/tester.app/tester";
				FRAMEWORK_SEARCH_PATHS = (
					"\"$(SDKROOT)/Developer/Library/Frameworks\"",
					"\"$(DEVELOPER_LIBRARY_DIR)/Frameworks\"",
				);
				GCC_PRECOMPILE_PREFIX_HEADER = YES;
				GCC_PREFIX_HEADER = "tester/tester-Prefix.pch";
				INFOPLIST_FILE = "testerTests/testerTests-Info.plist";
				PRODUCT_NAME = "$(TARGET_NAME)";
				TEST_HOST = "$(BUNDLE_LOADER)";
				WRAPPER_EXTENSION = octest;
			};
			name = Release;
		};
/* End XCBuildConfiguration section */

/* Begin XCConfigurationList section */
		9494F7441754A431009E409D /* Build configuration list for PBXProject "tester" */ = {
			isa = XCConfigurationList;
			buildConfigurations = (
				9494F7821754A432009E409D /* Debug */,
				9494F7831754A432009E409D /* Release */,
			);
			defaultConfigurationIsVisible = 0;
			defaultConfigurationName = Release;
		};
		9494F7841754A432009E409D /* Build configuration list for PBXNativeTarget "tester" */ = {
			isa = XCConfigurationList;
			buildConfigurations = (
				9494F7851754A432009E409D /* Debug */,
				9494F7861754A432009E409D /* Release */,
			);
			defaultConfigurationIsVisible = 0;
		};
		9494F7871754A432009E409D /* Build configuration list for PBXNativeTarget "testerTests" */ = {
			isa = XCConfigurationList;
			buildConfigurations = (
				9494F7881754A432009E409D /* Debug */,
				9494F7891754A432009E409D /* Release */,
			);
			defaultConfigurationIsVisible = 0;
		};
/* End XCConfigurationList section */
	};
	rootObject = 9494F7411754A431009E409D /* Project object */;
}
